
Microsoft Visual Studio Solution File, Format Version 12.00
# Visual Studio 15
VisualStudioVersion = 15.0.28307.168
MinimumVisualStudioVersion = 10.0.40219.1
Project("{FAE04EC0-301F-11D3-BF4B-00C04F79EFBC}") = "BankingProjectForTraining", "BankingProjectForTraining\BankingProjectForTraining.csproj", "{6FE789E9-2F59-4C8E-AB13-747114C94BBD}"
EndProject
Global
	GlobalSection(SolutionConfigurationPlatforms) = preSolution
		Debug|Any CPU = Debug|Any CPU
		Release|Any CPU = Release|Any CPU
	EndGlobalSection
	GlobalSection(ProjectConfigurationPlatforms) = postSolution
		{6FE789E9-2F59-4C8E-AB13-747114C94BBD}.Debug|Any CPU.ActiveCfg = Debug|Any CPU
		{6FE789E9-2F59-4C8E-AB13-747114C94BBD}.Debug|Any CPU.Build.0 = Debug|Any CPU
		{6FE789E9-2F59-4C8E-AB13-747114C94BBD}.Release|Any CPU.ActiveCfg = Release|Any CPU
		{6FE789E9-2F59-4C8E-AB13-747114C94BBD}.Release|Any CPU.Build.0 = Release|Any CPU
	EndGlobalSection
	GlobalSection(SolutionProperties) = preSolution
		HideSolutionNode = FALSE
	EndGlobalSection
	GlobalSection(ExtensibilityGlobals) = postSolution
		SolutionGuid = {E552817F-12D1-4CF9-8EFF-80833B7E6EB0}
	EndGlobalSection
EndGlobal
